
Microsoft Visual Studio Solution File, Format Version 12.00
# Visual Studio Version 17
VisualStudioVersion = 17.1.32210.238
MinimumVisualStudioVersion = 10.0.40219.1
Project("{FAE04EC0-301F-11D3-BF4B-00C04F79EFBC}") = "[Cloud_Identity_Program.-GERARÐ_LICHE]", "[Cloud_Identity_Program.-GERARÐ_LICHE]\[Cloud_Identity_Program.-GERARÐ_LICHE].csproj", "{C3931247-BBC3-4315-ABC5-8EBADDEB4959}"
EndProject
Project("{FAE04EC0-301F-11D3-BF4B-00C04F79EFBC}") = "ASADeserializer Cloud_Identity_Program.dll", "ASADeserializer Cloud_Identity_Program.dll\ASADeserializer Cloud_Identity_Program.dll.csproj", "{32FFF1DB-7A63-465F-8F1B-DE0FA3EAE030}"
EndProject
Global
	GlobalSection(SolutionConfigurationPlatforms) = preSolution
		Debug|Any CPU = Debug|Any CPU
		Release|Any CPU = Release|Any CPU
	EndGlobalSection
	GlobalSection(ProjectConfigurationPlatforms) = postSolution
		{C3931247-BBC3-4315-ABC5-8EBADDEB4959}.Debug|Any CPU.ActiveCfg = Debug|Any CPU
		{C3931247-BBC3-4315-ABC5-8EBADDEB4959}.Debug|Any CPU.Build.0 = Debug|Any CPU
		{C3931247-BBC3-4315-ABC5-8EBADDEB4959}.Release|Any CPU.ActiveCfg = Release|Any CPU
		{C3931247-BBC3-4315-ABC5-8EBADDEB4959}.Release|Any CPU.Build.0 = Release|Any CPU
		{32FFF1DB-7A63-465F-8F1B-DE0FA3EAE030}.Debug|Any CPU.ActiveCfg = Debug|Any CPU
		{32FFF1DB-7A63-465F-8F1B-DE0FA3EAE030}.Debug|Any CPU.Build.0 = Debug|Any CPU
		{32FFF1DB-7A63-465F-8F1B-DE0FA3EAE030}.Release|Any CPU.ActiveCfg = Release|Any CPU
		{32FFF1DB-7A63-465F-8F1B-DE0FA3EAE030}.Release|Any CPU.Build.0 = Release|Any CPU
	EndGlobalSection
	GlobalSection(SolutionProperties) = preSolution
		HideSolutionNode = FALSE
	EndGlobalSection
	GlobalSection(ExtensibilityGlobals) = postSolution
		SolutionGuid = {F4DD4A02-2B05-4C3C-9B30-23D178B54EDD}
	EndGlobalSection
EndGlobal
